
Microsoft Visual Studio Solution File, Format Version 12.00
# Visual Studio Version 16
VisualStudioVersion = 16.0.32428.217
MinimumVisualStudioVersion = 10.0.40219.1
Project("{FAE04EC0-301F-11D3-BF4B-00C04F79EFBC}") = "ConsoleApp1", "ConsoleApp1\ConsoleApp1.csproj", "{50C1F344-6BDC-4A4C-B64F-2CF5D878C741}"
EndProject
Global
	GlobalSection(SolutionConfigurationPlatforms) = preSolution
		Debug|Any CPU = Debug|Any CPU
		Release|Any CPU = Release|Any CPU
	EndGlobalSection
	GlobalSection(ProjectConfigurationPlatforms) = postSolution
		{50C1F344-6BDC-4A4C-B64F-2CF5D878C741}.Debug|Any CPU.ActiveCfg = Debug|Any CPU
		{50C1F344-6BDC-4A4C-B64F-2CF5D878C741}.Debug|Any CPU.Build.0 = Debug|Any CPU
		{50C1F344-6BDC-4A4C-B64F-2CF5D878C741}.Release|Any CPU.ActiveCfg = Release|Any CPU
		{50C1F344-6BDC-4A4C-B64F-2CF5D878C741}.Release|Any CPU.Build.0 = Release|Any CPU
	EndGlobalSection
	GlobalSection(SolutionProperties) = preSolution
		HideSolutionNode = FALSE
	EndGlobalSection
	GlobalSection(ExtensibilityGlobals) = postSolution
		SolutionGuid = {DEB6DE0A-A508-49AC-AFC5-C0E8F6F8E60F}
	EndGlobalSection
EndGlobal
